
Microsoft Visual Studio Solution File, Format Version 12.00
# Visual Studio Version 17
VisualStudioVersion = 17.6.33815.320
MinimumVisualStudioVersion = 10.0.40219.1
Project("{8BC9CEB8-8B4A-11D0-8D11-00A0C91BC942}") = "HNK", "HNK\HNK.vcxproj", "{C11EA359-4642-4C0F-B316-9A0E9E847250}"
EndProject
Global
	GlobalSection(SolutionConfigurationPlatforms) = preSolution
		Debug|x64 = Debug|x64
		Debug|x86 = Debug|x86
		Release|x64 = Release|x64
		Release|x86 = Release|x86
	EndGlobalSection
	GlobalSection(ProjectConfigurationPlatforms) = postSolution
		{C11EA359-4642-4C0F-B316-9A0E9E847250}.Debug|x64.ActiveCfg = Debug|x64
		{C11EA359-4642-4C0F-B316-9A0E9E847250}.Debug|x64.Build.0 = Debug|x64
		{C11EA359-4642-4C0F-B316-9A0E9E847250}.Debug|x86.ActiveCfg = Debug|Win32
		{C11EA359-4642-4C0F-B316-9A0E9E847250}.Debug|x86.Build.0 = Debug|Win32
		{C11EA359-4642-4C0F-B316-9A0E9E847250}.Release|x64.ActiveCfg = Release|x64
		{C11EA359-4642-4C0F-B316-9A0E9E847250}.Release|x64.Build.0 = Release|x64
		{C11EA359-4642-4C0F-B316-9A0E9E847250}.Release|x86.ActiveCfg = Release|Win32
		{C11EA359-4642-4C0F-B316-9A0E9E847250}.Release|x86.Build.0 = Release|Win32
	EndGlobalSection
	GlobalSection(SolutionProperties) = preSolution
		HideSolutionNode = FALSE
	EndGlobalSection
	GlobalSection(ExtensibilityGlobals) = postSolution
		SolutionGuid = {22C23AC2-3520-49B0-B18D-2A9E07C9519E}
	EndGlobalSection
EndGlobal
